
Microsoft Visual Studio Solution File, Format Version 12.00
# Visual Studio Version 17
VisualStudioVersion = 17.14.37111.16 d17.14
MinimumVisualStudioVersion = 10.0.40219.1
Project("{FAE04EC0-301F-11D3-BF4B-00C04F79EFBC}") = "book", "book.csproj", "{63DE284E-8D85-4958-9581-30AC89FB6FFF}"
EndProject
Project("{2150E333-8FDC-42A3-9474-1A3956D46DE8}") = "BookTracker", "BookTracker", "{36D591C7-65C7-A0D1-1CBC-10CDE441BDC8}"
EndProject
Project("{FAE04EC0-301F-11D3-BF4B-00C04F79EFBC}") = "Domain.BookTracker", "..\Domain.BookTracker\Domain.BookTracker.csproj", "{09D92915-61D5-4A68-A53B-B1236EBD4CE6}"
EndProject
Project("{FAE04EC0-301F-11D3-BF4B-00C04F79EFBC}") = "Domain.ValueObjects", "..\Domain.ValueObjects\Domain.ValueObjects.csproj", "{7D202A91-BD64-49C8-A07A-CD1B274C3634}"
EndProject
Global
	GlobalSection(SolutionConfigurationPlatforms) = preSolution
		Debug|Any CPU = Debug|Any CPU
		Release|Any CPU = Release|Any CPU
	EndGlobalSection
	GlobalSection(ProjectConfigurationPlatforms) = postSolution
		{63DE284E-8D85-4958-9581-30AC89FB6FFF}.Debug|Any CPU.ActiveCfg = Debug|Any CPU
		{63DE284E-8D85-4958-9581-30AC89FB6FFF}.Debug|Any CPU.Build.0 = Debug|Any CPU
		{63DE284E-8D85-4958-9581-30AC89FB6FFF}.Release|Any CPU.ActiveCfg = Release|Any CPU
		{63DE284E-8D85-4958-9581-30AC89FB6FFF}.Release|Any CPU.Build.0 = Release|Any CPU
		{09D92915-61D5-4A68-A53B-B1236EBD4CE6}.Debug|Any CPU.ActiveCfg = Debug|Any CPU
		{09D92915-61D5-4A68-A53B-B1236EBD4CE6}.Debug|Any CPU.Build.0 = Debug|Any CPU
		{09D92915-61D5-4A68-A53B-B1236EBD4CE6}.Release|Any CPU.ActiveCfg = Release|Any CPU
		{09D92915-61D5-4A68-A53B-B1236EBD4CE6}.Release|Any CPU.Build.0 = Release|Any CPU
		{7D202A91-BD64-49C8-A07A-CD1B274C3634}.Debug|Any CPU.ActiveCfg = Debug|Any CPU
		{7D202A91-BD64-49C8-A07A-CD1B274C3634}.Debug|Any CPU.Build.0 = Debug|Any CPU
		{7D202A91-BD64-49C8-A07A-CD1B274C3634}.Release|Any CPU.ActiveCfg = Release|Any CPU
		{7D202A91-BD64-49C8-A07A-CD1B274C3634}.Release|Any CPU.Build.0 = Release|Any CPU
	EndGlobalSection
	GlobalSection(SolutionProperties) = preSolution
		HideSolutionNode = FALSE
	EndGlobalSection
	GlobalSection(NestedProjects) = preSolution
		{09D92915-61D5-4A68-A53B-B1236EBD4CE6} = {36D591C7-65C7-A0D1-1CBC-10CDE441BDC8}
		{7D202A91-BD64-49C8-A07A-CD1B274C3634} = {36D591C7-65C7-A0D1-1CBC-10CDE441BDC8}
	EndGlobalSection
	GlobalSection(ExtensibilityGlobals) = postSolution
		SolutionGuid = {018E9979-0504-4D4E-97ED-DA06B7B2DF36}
	EndGlobalSection
EndGlobal
